{
  "lockfile-version": 1,
  "manifest": {
    "version": 1,
    "install": {
      "bat": {
        "pkg-path": "bat"
      },
      "cargo": {
        "pkg-path": "cargo"
      },
      "cocoapods": {
        "pkg-path": "cocoapods",
        "systems": [
          "aarch64-darwin"
        ]
      },
      "direnv": {
        "pkg-path": "direnv"
      },
      "eza": {
        "pkg-path": "eza"
      },
      "fastfetch": {
        "pkg-path": "fastfetch"
      },
      "fd": {
        "pkg-path": "fd"
      },
      "fzf": {
        "pkg-path": "fzf"
      },
      "gh": {
        "pkg-path": "gh"
      },
      "git": {
        "pkg-path": "git"
      },
      "go": {
        "pkg-path": "go"
      },
      "jq": {
        "pkg-path": "jq"
      },
      "nodejs": {
        "pkg-path": "nodejs"
      },
      "oh-my-posh": {
        "pkg-path": "oh-my-posh"
      },
      "python3": {
        "pkg-path": "python3"
      },
      "ripgrep": {
        "pkg-path": "ripgrep"
      },
      "ruby": {
        "pkg-path": "ruby"
      },
      "stow": {
        "pkg-path": "stow"
      },
      "tmux": {
        "pkg-path": "tmux"
      },
      "uv": {
        "pkg-path": "uv",
        "pkg-group": "uv",
        "version": "0.11.2"
      },
      "vim": {
        "pkg-path": "vim"
      },
      "yq": {
        "pkg-path": "yq"
      },
      "zld": {
        "pkg-path": "zld",
        "systems": [
          "aarch64-darwin"
        ]
      },
      "zsh": {
        "pkg-path": "zsh"
      }
    },
    "hook": {
      "on-activate": "  if [ ! -f \"$HOME/.dotfiles-installed\" ]; then\n    echo \"🔗 Installing dotfiles with stow...\"\n    stow -d \"$FLOX_ENV_PROJECT\" -t \"$HOME\" \\\n      direnv dbt emacs bash config git tmux vim zsh ohmyposh kanata wezterm \\\n      2>/dev/null || true\n    touch \"$HOME/.dotfiles-installed\"\n    echo \"✅ Dotfiles installed!\"\n  fi\n  \n  if [ ! -f \"$HOME/.fonts-installed\" ]; then\n    echo \"🔤 Installing Nerd Fonts from Flox...\"\n    echo \"Note: Install additional fonts via: flox install <font-package>\"\n    touch \"$HOME/.fonts-installed\"\n  fi\n  \n  if [ \"$(uname)\" = \"Darwin\" ] && [ ! -f \"$HOME/.apps-installed\" ]; then\n    echo \"📱 macOS applications available!\"\n    echo \"   Use 'nix develop' for automatic app installation\"\n    echo \"   Apps: Alacritty, WezTerm, Kitty\"\n  fi\n  \n  echo \"🎉 Flox environment activated!\"\n  echo \"📦 Tools: python, node, go, rust, and more...\"\n"
    },
    "profile": {},
    "options": {
      "systems": [
        "aarch64-darwin"
      ]
    }
  },
  "packages": [
    {
      "attr_path": "bat",
      "broken": false,
      "derivation": "/nix/store/2i5bj9b48klzi9f3ynpz9s7ax0sgkq0y-bat-0.26.1.drv",
      "description": "Cat(1) clone with syntax highlighting and Git integration",
      "install_id": "bat",
      "license": "[ Apache-2.0, MIT ]",
      "locked_url": "https://github.com/flox/nixpkgs?rev=a799d3e3886da994fa307f817a6bc705ae538eeb",
      "name": "bat-0.26.1",
      "pname": "bat",
      "rev": "a799d3e3886da994fa307f817a6bc705ae538eeb",
      "rev_count": 1011622,
      "rev_date": "2026-06-06T12:30:50Z",
      "scrape_date": "2026-06-08T03:14:18.718751Z",
      "stabilities": [
        "unstable"
      ],
      "unfree": false,
      "version": "0.26.1",
      "outputs_to_install": [
        "out"
      ],
      "outputs": {
        "out": "/nix/store/igwvpssksmqgxlrd2qk93jydvml2171q-bat-0.26.1"
      },
      "system": "aarch64-darwin",
      "group": "toplevel",
      "priority": 5
    },
    {
      "attr_path": "cargo",
      "broken": false,
      "derivation": "/nix/store/q87z7q1is5998ij30xpcgc6ppg4pkm8b-cargo-1.95.0.drv",
      "description": "Downloads your Rust project's dependencies and builds your project",
      "install_id": "cargo",
      "license": "[ MIT, Apache-2.0 ]",
      "locked_url": "https://github.com/flox/nixpkgs?rev=a799d3e3886da994fa307f817a6bc705ae538eeb",
      "name": "cargo-1.95.0",
      "pname": "cargo",
      "rev": "a799d3e3886da994fa307f817a6bc705ae538eeb",
      "rev_count": 1011622,
      "rev_date": "2026-06-06T12:30:50Z",
      "scrape_date": "2026-06-08T03:14:18.825048Z",
      "stabilities": [
        "unstable"
      ],
      "unfree": false,
      "version": "1.95.0",
      "outputs_to_install": [
        "out"
      ],
      "outputs": {
        "out": "/nix/store/2vdxz4xwplgb5rgfhqr0jr85fd7qqgmb-cargo-1.95.0"
      },
      "system": "aarch64-darwin",
      "group": "toplevel",
      "priority": 5
    },
    {
      "attr_path": "cocoapods",
      "broken": false,
      "derivation": "/nix/store/2drk4v7xs8ygwh80x8bbk2qb2bpipa61-cocoapods-1.16.2.drv",
      "description": "Manages dependencies for your Xcode projects",
      "install_id": "cocoapods",
      "license": "MIT",
      "locked_url": "https://github.com/flox/nixpkgs?rev=a799d3e3886da994fa307f817a6bc705ae538eeb",
      "name": "cocoapods-1.16.2",
      "pname": "cocoapods",
      "rev": "a799d3e3886da994fa307f817a6bc705ae538eeb",
      "rev_count": 1011622,
      "rev_date": "2026-06-06T12:30:50Z",
      "scrape_date": "2026-06-08T03:14:19.080317Z",
      "stabilities": [
        "unstable"
      ],
      "unfree": false,
      "version": "1.16.2",
      "outputs_to_install": [
        "out"
      ],
      "outputs": {
        "out": "/nix/store/9hr5wfk4ry3l900blhd4a4n82dgsh5lg-cocoapods-1.16.2"
      },
      "system": "aarch64-darwin",
      "group": "toplevel",
      "priority": 5
    },
    {
      "attr_path": "direnv",
      "broken": false,
      "derivation": "/nix/store/i35mi13164zbf7y835gh80bi9nlk56xs-direnv-2.37.1.drv",
      "description": "Shell extension that manages your environment",
      "install_id": "direnv",
      "license": "MIT",
      "locked_url": "https://github.com/flox/nixpkgs?rev=a799d3e3886da994fa307f817a6bc705ae538eeb",
      "name": "direnv-2.37.1",
      "pname": "direnv",
      "rev": "a799d3e3886da994fa307f817a6bc705ae538eeb",
      "rev_count": 1011622,
      "rev_date": "2026-06-06T12:30:50Z",
      "scrape_date": "2026-06-08T03:14:19.332278Z",
      "stabilities": [
        "unstable"
      ],
      "unfree": false,
      "version": "2.37.1",
      "outputs_to_install": [
        "out"
      ],
      "outputs": {
        "out": "/nix/store/k4zng3llmq2qg7ahj04qrvshqgi52fsy-direnv-2.37.1"
      },
      "system": "aarch64-darwin",
      "group": "toplevel",
      "priority": 5
    },
    {
      "attr_path": "eza",
      "broken": false,
      "derivation": "/nix/store/6fa5iajcv942x1c2jb5rrkqcw9d6d94x-eza-0.23.4.drv",
      "description": "Modern, maintained replacement for ls",
      "install_id": "eza",
      "license": "EUPL-1.2",
      "locked_url": "https://github.com/flox/nixpkgs?rev=a799d3e3886da994fa307f817a6bc705ae538eeb",
      "name": "eza-0.23.4",
      "pname": "eza",
      "rev": "a799d3e3886da994fa307f817a6bc705ae538eeb",
      "rev_count": 1011622,
      "rev_date": "2026-06-06T12:30:50Z",
      "scrape_date": "2026-06-08T03:14:19.668685Z",
      "stabilities": [
        "unstable"
      ],
      "unfree": false,
      "version": "0.23.4",
      "outputs_to_install": [
        "man",
        "out"
      ],
      "outputs": {
        "man": "/nix/store/q26xykxpkgyghxrq3nwlgiy8dbz1y6fj-eza-0.23.4-man",
        "out": "/nix/store/1vg6vy8vssxqpy5fi8l4zqj5425zk7nm-eza-0.23.4"
      },
      "system": "aarch64-darwin",
      "group": "toplevel",
      "priority": 5
    },
    {
      "attr_path": "fastfetch",
      "broken": false,
      "derivation": "/nix/store/28w7f04ajvxjkc3j2sx2w2k7bkb5rp6h-fastfetch-2.63.1.drv",
      "description": "Actively maintained, feature-rich and performance oriented, neofetch like system information tool",
      "install_id": "fastfetch",
      "license": "MIT",
      "locked_url": "https://github.com/flox/nixpkgs?rev=a799d3e3886da994fa307f817a6bc705ae538eeb",
      "name": "fastfetch-2.63.1",
      "pname": "fastfetch",
      "rev": "a799d3e3886da994fa307f817a6bc705ae538eeb",
      "rev_count": 1011622,
      "rev_date": "2026-06-06T12:30:50Z",
      "scrape_date": "2026-06-08T03:14:19.689450Z",
      "stabilities": [
        "unstable"
      ],
      "unfree": false,
      "version": "2.63.1",
      "outputs_to_install": [
        "man",
        "out"
      ],
      "outputs": {
        "man": "/nix/store/9b10iy2sb2m3g7vh2sdn8fdv4wmmwd6j-fastfetch-2.63.1-man",
        "out": "/nix/store/3xq17x98x8sgxxz93srzrybcm1nc94jn-fastfetch-2.63.1"
      },
      "system": "aarch64-darwin",
      "group": "toplevel",
      "priority": 5
    },
    {
      "attr_path": "fd",
      "broken": false,
      "derivation": "/nix/store/2672qv8pj7qkkki0zalswx2vnk9v49nb-fd-10.4.2.drv",
      "description": "Simple, fast and user-friendly alternative to find",
      "install_id": "fd",
      "license": "[ Apache-2.0, MIT ]",
      "locked_url": "https://github.com/flox/nixpkgs?rev=a799d3e3886da994fa307f817a6bc705ae538eeb",
      "name": "fd-10.4.2",
      "pname": "fd",
      "rev": "a799d3e3886da994fa307f817a6bc705ae538eeb",
      "rev_count": 1011622,
      "rev_date": "2026-06-06T12:30:50Z",
      "scrape_date": "2026-06-08T03:14:19.705699Z",
      "stabilities": [
        "unstable"
      ],
      "unfree": false,
      "version": "10.4.2",
      "outputs_to_install": [
        "out"
      ],
      "outputs": {
        "out": "/nix/store/h07wyxfpicdwj0j3xbg9841hd0grb9sy-fd-10.4.2"
      },
      "system": "aarch64-darwin",
      "group": "toplevel",
      "priority": 5
    },
    {
      "attr_path": "fzf",
      "broken": false,
      "derivation": "/nix/store/hm629wv81h8qpsxh3ak5zgdzynlg2r16-fzf-0.73.1.drv",
      "description": "Command-line fuzzy finder written in Go",
      "install_id": "fzf",
      "license": "MIT",
      "locked_url": "https://github.com/flox/nixpkgs?rev=a799d3e3886da994fa307f817a6bc705ae538eeb",
      "name": "fzf-0.73.1",
      "pname": "fzf",
      "rev": "a799d3e3886da994fa307f817a6bc705ae538eeb",
      "rev_count": 1011622,
      "rev_date": "2026-06-06T12:30:50Z",
      "scrape_date": "2026-06-08T03:14:19.888805Z",
      "stabilities": [
        "unstable"
      ],
      "unfree": false,
      "version": "0.73.1",
      "outputs_to_install": [
        "man",
        "out"
      ],
      "outputs": {
        "man": "/nix/store/p654irq8pna66fb19jz7x1w9yqgam8q5-fzf-0.73.1-man",
        "out": "/nix/store/4jcic7myfdi8vhcs4ai9vf9zyslnhnqn-fzf-0.73.1"
      },
      "system": "aarch64-darwin",
      "group": "toplevel",
      "priority": 5
    },
    {
      "attr_path": "gh",
      "broken": false,
      "derivation": "/nix/store/shyqzsdzlaz0ay7wq22kmllqiiag5bk4-gh-2.93.0.drv",
      "description": "GitHub CLI tool",
      "install_id": "gh",
      "license": "MIT",
      "locked_url": "https://github.com/flox/nixpkgs?rev=a799d3e3886da994fa307f817a6bc705ae538eeb",
      "name": "gh-2.93.0",
      "pname": "gh",
      "rev": "a799d3e3886da994fa307f817a6bc705ae538eeb",
      "rev_count": 1011622,
      "rev_date": "2026-06-06T12:30:50Z",
      "scrape_date": "2026-06-08T03:14:19.986740Z",
      "stabilities": [
        "unstable"
      ],
      "unfree": false,
      "version": "2.93.0",
      "outputs_to_install": [
        "out"
      ],
      "outputs": {
        "out": "/nix/store/p7wwwbqc7s50l4z2jgk42hynw15cmwx6-gh-2.93.0"
      },
      "system": "aarch64-darwin",
      "group": "toplevel",
      "priority": 5
    },
    {
      "attr_path": "git",
      "broken": false,
      "derivation": "/nix/store/p8rrsh13lk5m9igwj65l48b7kvvnk74w-git-2.54.0.drv",
      "description": "Distributed version control system",
      "install_id": "git",
      "license": "GPL-2.0",
      "locked_url": "https://github.com/flox/nixpkgs?rev=a799d3e3886da994fa307f817a6bc705ae538eeb",
      "name": "git-2.54.0",
      "pname": "git",
      "rev": "a799d3e3886da994fa307f817a6bc705ae538eeb",
      "rev_count": 1011622,
      "rev_date": "2026-06-06T12:30:50Z",
      "scrape_date": "2026-06-08T03:14:20.027786Z",
      "stabilities": [
        "unstable"
      ],
      "unfree": false,
      "version": "2.54.0",
      "outputs_to_install": [
        "out"
      ],
      "outputs": {
        "doc": "/nix/store/zn8gmbxxf5398hxg6y6nk5jimj85qj69-git-2.54.0-doc",
        "out": "/nix/store/a14yxcqvv9x2l9mllgpirzhvz93pgprg-git-2.54.0"
      },
      "system": "aarch64-darwin",
      "group": "toplevel",
      "priority": 5
    },
    {
      "attr_path": "go",
      "broken": false,
      "derivation": "/nix/store/3wcz439vgpp14pn7jmfnhj1gfjz16pfm-go-1.26.3.drv",
      "description": "Go Programming language",
      "install_id": "go",
      "license": "BSD-3-Clause",
      "locked_url": "https://github.com/flox/nixpkgs?rev=a799d3e3886da994fa307f817a6bc705ae538eeb",
      "name": "go-1.26.3",
      "pname": "go",
      "rev": "a799d3e3886da994fa307f817a6bc705ae538eeb",
      "rev_count": 1011622,
      "rev_date": "2026-06-06T12:30:50Z",
      "scrape_date": "2026-06-08T03:14:20.166513Z",
      "stabilities": [
        "unstable"
      ],
      "unfree": false,
      "version": "1.26.3",
      "outputs_to_install": [
        "out"
      ],
      "outputs": {
        "out": "/nix/store/7ycp8j45iay38g9mjaxmy4jhwdsrb47y-go-1.26.3"
      },
      "system": "aarch64-darwin",
      "group": "toplevel",
      "priority": 5
    },
    {
      "attr_path": "jq",
      "broken": false,
      "derivation": "/nix/store/bmchk7n1crrqvaw88rk288m1934gwlzq-jq-1.8.1.drv",
      "description": "Lightweight and flexible command-line JSON processor",
      "install_id": "jq",
      "license": "MIT",
      "locked_url": "https://github.com/flox/nixpkgs?rev=a799d3e3886da994fa307f817a6bc705ae538eeb",
      "name": "jq-1.8.1",
      "pname": "jq",
      "rev": "a799d3e3886da994fa307f817a6bc705ae538eeb",
      "rev_count": 1011622,
      "rev_date": "2026-06-06T12:30:50Z",
      "scrape_date": "2026-06-08T03:14:36.399686Z",
      "stabilities": [
        "unstable"
      ],
      "unfree": false,
      "version": "1.8.1",
      "outputs_to_install": [
        "bin",
        "man"
      ],
      "outputs": {
        "bin": "/nix/store/d551vj6hjc2bqiyg8dim6lv1v1xw7841-jq-1.8.1-bin",
        "dev": "/nix/store/dy2cgp8adlm5gl3hkpykcgccv4dlhawb-jq-1.8.1-dev",
        "doc": "/nix/store/afjz34n0jz7a0zjjp6qkvnxqph53ifbw-jq-1.8.1-doc",
        "man": "/nix/store/cyykpwx7q87ryqyhkz4slm163300rzjh-jq-1.8.1-man",
        "out": "/nix/store/yj3m8xi9h48mz4i7732zcwbqbb8bl402-jq-1.8.1"
      },
      "system": "aarch64-darwin",
      "group": "toplevel",
      "priority": 5
    },
    {
      "attr_path": "nodejs",
      "broken": false,
      "derivation": "/nix/store/vbx35am7lar9zvwhk4nfl3lysmbd0ils-nodejs-24.15.0.drv",
      "description": "Event-driven I/O framework for the V8 JavaScript engine",
      "install_id": "nodejs",
      "license": "MIT",
      "locked_url": "https://github.com/flox/nixpkgs?rev=a799d3e3886da994fa307f817a6bc705ae538eeb",
      "name": "nodejs-24.15.0",
      "pname": "nodejs",
      "rev": "a799d3e3886da994fa307f817a6bc705ae538eeb",
      "rev_count": 1011622,
      "rev_date": "2026-06-06T12:30:50Z",
      "scrape_date": "2026-06-08T03:14:44.717249Z",
      "stabilities": [
        "unstable"
      ],
      "unfree": false,
      "version": "24.15.0",
      "outputs_to_install": [
        "out"
      ],
      "outputs": {
        "out": "/nix/store/3mvbmkd7lmxi3xlka1avra24flwbgjv9-nodejs-24.15.0"
      },
      "system": "aarch64-darwin",
      "group": "toplevel",
      "priority": 5
    },
    {
      "attr_path": "oh-my-posh",
      "broken": false,
      "derivation": "/nix/store/bnvqm4ldqq38x4233gjqg5ajmr5nlfcd-oh-my-posh-29.14.0.drv",
      "description": "Prompt theme engine for any shell",
      "install_id": "oh-my-posh",
      "license": "MIT",
      "locked_url": "https://github.com/flox/nixpkgs?rev=a799d3e3886da994fa307f817a6bc705ae538eeb",
      "name": "oh-my-posh-29.14.0",
      "pname": "oh-my-posh",
      "rev": "a799d3e3886da994fa307f817a6bc705ae538eeb",
      "rev_count": 1011622,
      "rev_date": "2026-06-06T12:30:50Z",
      "scrape_date": "2026-06-08T03:14:49.758824Z",
      "stabilities": [
        "unstable"
      ],
      "unfree": false,
      "version": "29.14.0",
      "outputs_to_install": [
        "out"
      ],
      "outputs": {
        "out": "/nix/store/m1jlgsj740dgrfy4nhvsnz44allv3483-oh-my-posh-29.14.0"
      },
      "system": "aarch64-darwin",
      "group": "toplevel",
      "priority": 5
    },
    {
      "attr_path": "python3",
      "broken": false,
      "derivation": "/nix/store/bknb559vqzsgsrjz47gr6yfl8ivz60cs-python3-3.13.13.drv",
      "description": "High-level dynamically-typed programming language",
      "install_id": "python3",
      "license": "Python-2.0",
      "locked_url": "https://github.com/flox/nixpkgs?rev=a799d3e3886da994fa307f817a6bc705ae538eeb",
      "name": "python3-3.13.13",
      "pname": "python3",
      "rev": "a799d3e3886da994fa307f817a6bc705ae538eeb",
      "rev_count": 1011622,
      "rev_date": "2026-06-06T12:30:50Z",
      "scrape_date": "2026-06-08T03:15:01.754870Z",
      "stabilities": [
        "unstable"
      ],
      "unfree": false,
      "version": "3.13.13",
      "outputs_to_install": [
        "out",
        "out"
      ],
      "outputs": {
        "out": "/nix/store/ygxqin6ydzjfawywqpp5pal8wv6sf5bh-python3-3.13.13"
      },
      "system": "aarch64-darwin",
      "group": "toplevel",
      "priority": 5
    },
    {
      "attr_path": "ripgrep",
      "broken": false,
      "derivation": "/nix/store/6g9dmzcg20l8n6mi9237msypxl2qw9ag-ripgrep-15.1.0.drv",
      "description": "Utility that combines the usability of The Silver Searcher with the raw speed of grep",
      "install_id": "ripgrep",
      "license": "[ Unlicense, MIT ]",
      "locked_url": "https://github.com/flox/nixpkgs?rev=a799d3e3886da994fa307f817a6bc705ae538eeb",
      "name": "ripgrep-15.1.0",
      "pname": "ripgrep",
      "rev": "a799d3e3886da994fa307f817a6bc705ae538eeb",
      "rev_count": 1011622,
      "rev_date": "2026-06-06T12:30:50Z",
      "scrape_date": "2026-06-08T03:15:57.297840Z",
      "stabilities": [
        "unstable"
      ],
      "unfree": false,
      "version": "15.1.0",
      "outputs_to_install": [
        "out"
      ],
      "outputs": {
        "out": "/nix/store/8k3a39k5wxvch0ir2lb1pskvwing02lq-ripgrep-15.1.0"
      },
      "system": "aarch64-darwin",
      "group": "toplevel",
      "priority": 5
    },
    {
      "attr_path": "ruby",
      "broken": false,
      "derivation": "/nix/store/si3c86wv92bzwnb7x7dyv5k2hdzvgqnf-ruby-3.4.9.drv",
      "description": "Object-oriented language for quick and easy programming",
      "install_id": "ruby",
      "license": "Ruby",
      "locked_url": "https://github.com/flox/nixpkgs?rev=a799d3e3886da994fa307f817a6bc705ae538eeb",
      "name": "ruby-3.4.9",
      "pname": "ruby",
      "rev": "a799d3e3886da994fa307f817a6bc705ae538eeb",
      "rev_count": 1011622,
      "rev_date": "2026-06-06T12:30:50Z",
      "scrape_date": "2026-06-08T03:15:58.018360Z",
      "stabilities": [
        "unstable"
      ],
      "unfree": false,
      "version": "3.4.9",
      "outputs_to_install": [
        "out"
      ],
      "outputs": {
        "devdoc": "/nix/store/mf62cxs6j0z1jyxcmgi63sian1ln98rl-ruby-3.4.9-devdoc",
        "out": "/nix/store/638pidjdcs71b8lqzh59pm60p988256n-ruby-3.4.9"
      },
      "system": "aarch64-darwin",
      "group": "toplevel",
      "priority": 5
    },
    {
      "attr_path": "stow",
      "broken": false,
      "derivation": "/nix/store/dhxy5kcab6grmddjv98mlkrb2zlvkl37-stow-2.4.1.drv",
      "description": "Tool for managing the installation of multiple software packages in the same run-time directory tree",
      "install_id": "stow",
      "license": "GPL-3.0-or-later",
      "locked_url": "https://github.com/flox/nixpkgs?rev=a799d3e3886da994fa307f817a6bc705ae538eeb",
      "name": "stow-2.4.1",
      "pname": "stow",
      "rev": "a799d3e3886da994fa307f817a6bc705ae538eeb",
      "rev_count": 1011622,
      "rev_date": "2026-06-06T12:30:50Z",
      "scrape_date": "2026-06-08T03:16:22.477689Z",
      "stabilities": [
        "unstable"
      ],
      "unfree": false,
      "version": "2.4.1",
      "outputs_to_install": [
        "out"
      ],
      "outputs": {
        "out": "/nix/store/nmd35nq3wwwhcvlpxaaqw7wblk75baja-stow-2.4.1"
      },
      "system": "aarch64-darwin",
      "group": "toplevel",
      "priority": 5
    },
    {
      "attr_path": "tmux",
      "broken": false,
      "derivation": "/nix/store/ycb4n326gzy5w5g7fm9cd051ga2igxrm-tmux-3.6a.drv",
      "description": "Terminal multiplexer",
      "install_id": "tmux",
      "license": "BSD-3-Clause",
      "locked_url": "https://github.com/flox/nixpkgs?rev=a799d3e3886da994fa307f817a6bc705ae538eeb",
      "name": "tmux-3.6a",
      "pname": "tmux",
      "rev": "a799d3e3886da994fa307f817a6bc705ae538eeb",
      "rev_count": 1011622,
      "rev_date": "2026-06-06T12:30:50Z",
      "scrape_date": "2026-06-08T03:16:46.344774Z",
      "stabilities": [
        "unstable"
      ],
      "unfree": false,
      "version": "3.6a",
      "outputs_to_install": [
        "man",
        "out"
      ],
      "outputs": {
        "man": "/nix/store/y3akz757lzh83hnwgykv5b31qj1n0c4w-tmux-3.6a-man",
        "out": "/nix/store/p3z690gqhxrn5bpsypaf4j4ghvk7wg4z-tmux-3.6a"
      },
      "system": "aarch64-darwin",
      "group": "toplevel",
      "priority": 5
    },
    {
      "attr_path": "vim",
      "broken": false,
      "derivation": "/nix/store/1q5qn5ff82nhrk1p0wnrf7dgir17xbhd-vim-9.2.0389.drv",
      "description": "Most popular clone of the VI editor",
      "install_id": "vim",
      "license": "Vim",
      "locked_url": "https://github.com/flox/nixpkgs?rev=a799d3e3886da994fa307f817a6bc705ae538eeb",
      "name": "vim-9.2.0389",
      "pname": "vim",
      "rev": "a799d3e3886da994fa307f817a6bc705ae538eeb",
      "rev_count": 1011622,
      "rev_date": "2026-06-06T12:30:50Z",
      "scrape_date": "2026-06-08T03:17:10.299700Z",
      "stabilities": [
        "unstable"
      ],
      "unfree": false,
      "version": "9.2.0389",
      "outputs_to_install": [
        "out",
        "xxd"
      ],
      "outputs": {
        "out": "/nix/store/6vbkykg92w603c0sw3mkk7p7mfaawbns-vim-9.2.0389",
        "xxd": "/nix/store/9iv8rc5y9i1xb59630q4vd9091imvrm3-vim-9.2.0389-xxd"
      },
      "system": "aarch64-darwin",
      "group": "toplevel",
      "priority": 5
    },
    {
      "attr_path": "yq",
      "broken": false,
      "derivation": "/nix/store/njzzhlni55j3v4ia7my2fkzm50rq4yhn-python3.13-yq-3.4.3.drv",
      "description": "Command-line YAML/XML/TOML processor - jq wrapper for YAML, XML, TOML documents",
      "install_id": "yq",
      "license": "Apache-2.0",
      "locked_url": "https://github.com/flox/nixpkgs?rev=a799d3e3886da994fa307f817a6bc705ae538eeb",
      "name": "python3.13-yq-3.4.3",
      "pname": "yq",
      "rev": "a799d3e3886da994fa307f817a6bc705ae538eeb",
      "rev_count": 1011622,
      "rev_date": "2026-06-06T12:30:50Z",
      "scrape_date": "2026-06-08T03:17:25.972886Z",
      "stabilities": [
        "unstable"
      ],
      "unfree": false,
      "version": "3.4.3",
      "outputs_to_install": [
        "out"
      ],
      "outputs": {
        "dist": "/nix/store/pni8wa9kvs9rdmp3c73hcpbgkqcf9p9y-python3.13-yq-3.4.3-dist",
        "out": "/nix/store/dm5zzpwan4gxyqnamgqzkmd4fi4q6wls-python3.13-yq-3.4.3"
      },
      "system": "aarch64-darwin",
      "group": "toplevel",
      "priority": 5
    },
    {
      "attr_path": "zld",
      "broken": false,
      "derivation": "/nix/store/ikxm8dmb72l2g6r67pgkywyihza93gg8-zld-1.3.4.drv",
      "description": "Faster version of Apple's linker",
      "install_id": "zld",
      "license": "MIT",
      "locked_url": "https://github.com/flox/nixpkgs?rev=a799d3e3886da994fa307f817a6bc705ae538eeb",
      "name": "zld-1.3.4",
      "pname": "zld",
      "rev": "a799d3e3886da994fa307f817a6bc705ae538eeb",
      "rev_count": 1011622,
      "rev_date": "2026-06-06T12:30:50Z",
      "scrape_date": "2026-06-08T03:17:26.688769Z",
      "stabilities": [
        "unstable"
      ],
      "unfree": false,
      "version": "1.3.4",
      "outputs_to_install": [
        "out"
      ],
      "outputs": {
        "out": "/nix/store/1r021rj3f4xgkkqqkg05f8icc4h5p0sn-zld-1.3.4"
      },
      "system": "aarch64-darwin",
      "group": "toplevel",
      "priority": 5
    },
    {
      "attr_path": "zsh",
      "broken": false,
      "derivation": "/nix/store/ba761azcz09k7sz42lksxqlddr2k6ssq-zsh-5.9.1.drv",
      "description": "Z shell",
      "install_id": "zsh",
      "license": "MIT-Modern-Variant",
      "locked_url": "https://github.com/flox/nixpkgs?rev=a799d3e3886da994fa307f817a6bc705ae538eeb",
      "name": "zsh-5.9.1",
      "pname": "zsh",
      "rev": "a799d3e3886da994fa307f817a6bc705ae538eeb",
      "rev_count": 1011622,
      "rev_date": "2026-06-06T12:30:50Z",
      "scrape_date": "2026-06-08T03:17:26.895054Z",
      "stabilities": [
        "unstable"
      ],
      "unfree": false,
      "version": "5.9.1",
      "outputs_to_install": [
        "man",
        "out"
      ],
      "outputs": {
        "doc": "/nix/store/v2wq9mqfgphihfkkpq89c5h6z69c7fzk-zsh-5.9.1-doc",
        "info": "/nix/store/937crnhpwzwlmnzis0w3llim0mmhx9ym-zsh-5.9.1-info",
        "man": "/nix/store/8fb6i6qmik8fa5n8rpxid052zcmq297k-zsh-5.9.1-man",
        "out": "/nix/store/5qjgn064c7krl34ncilmyh45x2wvcn2m-zsh-5.9.1"
      },
      "system": "aarch64-darwin",
      "group": "toplevel",
      "priority": 5
    },
    {
      "attr_path": "uv",
      "broken": false,
      "derivation": "/nix/store/xmvr9nnsm4yxzjfy4l478fn0pvmzg8mv-uv-0.11.2.drv",
      "description": "Extremely fast Python package installer and resolver, written in Rust",
      "install_id": "uv",
      "license": "[ Apache-2.0, MIT ]",
      "locked_url": "https://github.com/flox/nixpkgs?rev=6201e203d09599479a3b3450ed24fa81537ebc4e",
      "name": "uv-0.11.2",
      "pname": "uv",
      "rev": "6201e203d09599479a3b3450ed24fa81537ebc4e",
      "rev_count": 972949,
      "rev_date": "2026-04-01T09:47:46Z",
      "scrape_date": "2026-04-02T18:03:32.072289Z",
      "stabilities": [
        "staging",
        "unstable"
      ],
      "unfree": false,
      "version": "0.11.2",
      "outputs_to_install": [
        "out"
      ],
      "outputs": {
        "out": "/nix/store/xn8z7nwi93k6hdqrcvpkl3y9qk3zhr5k-uv-0.11.2"
      },
      "system": "aarch64-darwin",
      "group": "uv",
      "priority": 5
    }
  ]
}
